speakeasyVersion: 1.621.1
sources:
    my-source:
        sourceNamespace: my-source
        sourceRevisionDigest: sha256:82eef8a4f7a9b6c47fecf30c75a9d7a0ffd182628fad228a08c3e2e00d4e2299
        sourceBlobDigest: sha256:75e48994da0bf26e9f4870950c06cde12280c2553e5ea3295245b343024e0478
        tags:
            - latest
            - speakeasy-sdk-regen-1743034484
            - 1.0.0
targets:
    terraform:
        source: my-source
        sourceNamespace: my-source
        sourceRevisionDigest: sha256:82eef8a4f7a9b6c47fecf30c75a9d7a0ffd182628fad228a08c3e2e00d4e2299
        sourceBlobDigest: sha256:75e48994da0bf26e9f4870950c06cde12280c2553e5ea3295245b343024e0478
workflow:
    workflowVersion: 1.0.0
    speakeasyVersion: latest
    sources:
        my-source:
            inputs:
                - location: https://docs.api.epilot.io/product.yaml
            overlays:
                - location: overlay.yaml
            registry:
                location: registry.speakeasyapi.dev/epilot/epilot/my-source
    targets:
        terraform:
            target: terraform
            source: my-source
