speakeasyVersion: 1.684.1
sources:
    my-source:
        sourceNamespace: my-source
        sourceRevisionDigest: sha256:f5344adfea2877a609601e969cb1bb11f9fdd5e554a1ea4089e51b018459a8d5
        sourceBlobDigest: sha256:afecb4e1df328a97ee3b44fb53c4d4189117de539789bffdb3f7f48d04bc5fb1
        tags:
            - latest
            - speakeasy-sdk-regen-1758759296
            - 1.0.0
targets:
    terraform:
        source: my-source
        sourceNamespace: my-source
        sourceRevisionDigest: sha256:f5344adfea2877a609601e969cb1bb11f9fdd5e554a1ea4089e51b018459a8d5
        sourceBlobDigest: sha256:afecb4e1df328a97ee3b44fb53c4d4189117de539789bffdb3f7f48d04bc5fb1
workflow:
    workflowVersion: 1.0.0
    speakeasyVersion: latest
    sources:
        my-source:
            inputs:
                - location: https://docs.api.epilot.io/product.yaml
            overlays:
                - location: overlay.yaml
            registry:
                location: registry.speakeasyapi.dev/epilot/epilot/my-source
    targets:
        terraform:
            target: terraform
            source: my-source
